
Microsoft Visual Studio Solution File, Format Version 12.00
# Visual Studio Version 16
VisualStudioVersion = 16.0.32126.315
MinimumVisualStudioVersion = 10.0.40219.1
Project("{FAE04EC0-301F-11D3-BF4B-00C04F79EFBC}") = "u21454249_HW05", "u21454249_HW05\u21454249_HW05.csproj", "{8061313F-CCF3-455E-B4EF-63F778CE200D}"
EndProject
Global
	GlobalSection(SolutionConfigurationPlatforms) = preSolution
		Debug|Any CPU = Debug|Any CPU
		Release|Any CPU = Release|Any CPU
	EndGlobalSection
	GlobalSection(ProjectConfigurationPlatforms) = postSolution
		{8061313F-CCF3-455E-B4EF-63F778CE200D}.Debug|Any CPU.ActiveCfg = Debug|Any CPU
		{8061313F-CCF3-455E-B4EF-63F778CE200D}.Debug|Any CPU.Build.0 = Debug|Any CPU
		{8061313F-CCF3-455E-B4EF-63F778CE200D}.Release|Any CPU.ActiveCfg = Release|Any CPU
		{8061313F-CCF3-455E-B4EF-63F778CE200D}.Release|Any CPU.Build.0 = Release|Any CPU
	EndGlobalSection
	GlobalSection(SolutionProperties) = preSolution
		HideSolutionNode = FALSE
	EndGlobalSection
	GlobalSection(ExtensibilityGlobals) = postSolution
		SolutionGuid = {0957960E-BFCA-4895-97B6-23EC20B1B4D1}
	EndGlobalSection
EndGlobal
